
Microsoft Visual Studio Solution File, Format Version 12.00
# Visual Studio Version 16
VisualStudioVersion = 16.0.31129.286
MinimumVisualStudioVersion = 10.0.40219.1
Project("{9A19103F-16F7-4668-BE54-9A1E7A4F7556}") = "TextRPG", "TextRPG\TextRPG.csproj", "{BEDF3E5E-AA17-4406-AE28-4869E4057A02}"
EndProject
Global
	GlobalSection(SolutionConfigurationPlatforms) = preSolution
		Debug|Any CPU = Debug|Any CPU
		Release|Any CPU = Release|Any CPU
	EndGlobalSection
	GlobalSection(ProjectConfigurationPlatforms) = postSolution
		{BEDF3E5E-AA17-4406-AE28-4869E4057A02}.Debug|Any CPU.ActiveCfg = Debug|Any CPU
		{BEDF3E5E-AA17-4406-AE28-4869E4057A02}.Debug|Any CPU.Build.0 = Debug|Any CPU
		{BEDF3E5E-AA17-4406-AE28-4869E4057A02}.Release|Any CPU.ActiveCfg = Release|Any CPU
		{BEDF3E5E-AA17-4406-AE28-4869E4057A02}.Release|Any CPU.Build.0 = Release|Any CPU
	EndGlobalSection
	GlobalSection(SolutionProperties) = preSolution
		HideSolutionNode = FALSE
	EndGlobalSection
	GlobalSection(ExtensibilityGlobals) = postSolution
		SolutionGuid = {06AD205F-0AAA-43F2-95AD-134BC8D13838}
	EndGlobalSection
EndGlobal
